
Microsoft Visual Studio Solution File, Format Version 12.00
# Visual Studio Version 17
VisualStudioVersion = 17.14.36221.1 d17.14
MinimumVisualStudioVersion = 10.0.40219.1
Project("{FAE04EC0-301F-11D3-BF4B-00C04F79EFBC}") = "HesabDari.App", "HesabDari.App\HesabDari.App.csproj", "{73E36C1E-921C-4F6E-BD6C-3A50E66BBB8C}"
EndProject
Project("{FAE04EC0-301F-11D3-BF4B-00C04F79EFBC}") = "HesabDari.DataLayer", "HesabDari.DataLayer\HesabDari.DataLayer.csproj", "{A10D148F-D8B8-43F7-AC14-906523F0D043}"
EndProject
Project("{FAE04EC0-301F-11D3-BF4B-00C04F79EFBC}") = "HesabDari.Business", "HesabDari.Business\HesabDari.Business.csproj", "{548C17F3-AFF8-47DB-A426-82B4F9822241}"
EndProject
Project("{FAE04EC0-301F-11D3-BF4B-00C04F79EFBC}") = "HesabDari.Utility", "HesabDari.Utility\HesabDari.Utility.csproj", "{C597DC4C-AF40-4E6D-A0CF-B4145A1B67B8}"
EndProject
Project("{FAE04EC0-301F-11D3-BF4B-00C04F79EFBC}") = "HesabDari.ViewModels", "HesabDari.ViewModel\HesabDari.ViewModels.csproj", "{00267704-4BC5-411C-9FEB-CE6524BE79D4}"
EndProject
Project("{FAE04EC0-301F-11D3-BF4B-00C04F79EFBC}") = "VSIXProject1", "VSIXProject1\VSIXProject1.csproj", "{4817D0C3-8712-49EE-8F76-CCEF629CCC7F}"
EndProject
Project("{2150E333-8FDC-42A3-9474-1A3956D46DE8}") = "Solution Items", "Solution Items", "{8EC462FD-D22E-90A8-E5CE-7E832BA40C5D}"
	ProjectSection(SolutionItems) = preProject
		README.md = README.md
	EndProjectSection
EndProject
Global
	GlobalSection(SolutionConfigurationPlatforms) = preSolution
		Debug|Any CPU = Debug|Any CPU
		Release|Any CPU = Release|Any CPU
	EndGlobalSection
	GlobalSection(ProjectConfigurationPlatforms) = postSolution
		{73E36C1E-921C-4F6E-BD6C-3A50E66BBB8C}.Debug|Any CPU.ActiveCfg = Debug|Any CPU
		{73E36C1E-921C-4F6E-BD6C-3A50E66BBB8C}.Debug|Any CPU.Build.0 = Debug|Any CPU
		{73E36C1E-921C-4F6E-BD6C-3A50E66BBB8C}.Release|Any CPU.ActiveCfg = Release|Any CPU
		{73E36C1E-921C-4F6E-BD6C-3A50E66BBB8C}.Release|Any CPU.Build.0 = Release|Any CPU
		{A10D148F-D8B8-43F7-AC14-906523F0D043}.Debug|Any CPU.ActiveCfg = Debug|Any CPU
		{A10D148F-D8B8-43F7-AC14-906523F0D043}.Debug|Any CPU.Build.0 = Debug|Any CPU
		{A10D148F-D8B8-43F7-AC14-906523F0D043}.Release|Any CPU.ActiveCfg = Release|Any CPU
		{A10D148F-D8B8-43F7-AC14-906523F0D043}.Release|Any CPU.Build.0 = Release|Any CPU
		{548C17F3-AFF8-47DB-A426-82B4F9822241}.Debug|Any CPU.ActiveCfg = Debug|Any CPU
		{548C17F3-AFF8-47DB-A426-82B4F9822241}.Debug|Any CPU.Build.0 = Debug|Any CPU
		{548C17F3-AFF8-47DB-A426-82B4F9822241}.Release|Any CPU.ActiveCfg = Release|Any CPU
		{548C17F3-AFF8-47DB-A426-82B4F9822241}.Release|Any CPU.Build.0 = Release|Any CPU
		{C597DC4C-AF40-4E6D-A0CF-B4145A1B67B8}.Debug|Any CPU.ActiveCfg = Debug|Any CPU
		{C597DC4C-AF40-4E6D-A0CF-B4145A1B67B8}.Debug|Any CPU.Build.0 = Debug|Any CPU
		{C597DC4C-AF40-4E6D-A0CF-B4145A1B67B8}.Release|Any CPU.ActiveCfg = Release|Any CPU
		{C597DC4C-AF40-4E6D-A0CF-B4145A1B67B8}.Release|Any CPU.Build.0 = Release|Any CPU
		{00267704-4BC5-411C-9FEB-CE6524BE79D4}.Debug|Any CPU.ActiveCfg = Debug|Any CPU
		{00267704-4BC5-411C-9FEB-CE6524BE79D4}.Debug|Any CPU.Build.0 = Debug|Any CPU
		{00267704-4BC5-411C-9FEB-CE6524BE79D4}.Release|Any CPU.ActiveCfg = Release|Any CPU
		{00267704-4BC5-411C-9FEB-CE6524BE79D4}.Release|Any CPU.Build.0 = Release|Any CPU
		{4817D0C3-8712-49EE-8F76-CCEF629CCC7F}.Debug|Any CPU.ActiveCfg = Debug|Any CPU
		{4817D0C3-8712-49EE-8F76-CCEF629CCC7F}.Debug|Any CPU.Build.0 = Debug|Any CPU
		{4817D0C3-8712-49EE-8F76-CCEF629CCC7F}.Release|Any CPU.ActiveCfg = Release|Any CPU
		{4817D0C3-8712-49EE-8F76-CCEF629CCC7F}.Release|Any CPU.Build.0 = Release|Any CPU
	EndGlobalSection
	GlobalSection(SolutionProperties) = preSolution
		HideSolutionNode = FALSE
	EndGlobalSection
	GlobalSection(ExtensibilityGlobals) = postSolution
		SolutionGuid = {7931594C-E096-41B5-974B-52622E7D073E}
	EndGlobalSection
EndGlobal
